// !$*UTF8*$!
{
	archiveVersion = 1;
	classes = {
	};
	objectVersion = 50;
	objects = {

/* Begin PBXBuildFile section */
		0F21722E25346B5600EC5A29 /* Media.xcassets in Resources */ = {isa = PBXBuildFile; fileRef = 0F21722D25346B5600EC5A29 /* Media.xcassets */; };
		0F2FDCEC2530A4A100D01A5A /* CollectionViewControllerTwo.swift in Sources */ = {isa = PBXBuildFile; fileRef = 0F2FDCEB2530A4A100D01A5A /* CollectionViewControllerTwo.swift */; };
		0F4A1CB125343AC7005084E8 /* ViewControllerWanted.swift in Sources */ = {isa = PBXBuildFile; fileRef = 0F4A1CB025343AC7005084E8 /* ViewControllerWanted.swift */; };
		0F59CAEF253434FA00351EF1 /* TableViewCell.swift in Sources */ = {isa = PBXBuildFile; fileRef = 0F59CAEE253434FA00351EF1 /* TableViewCell.swift */; };
		0FC713CD253DD243006F32F8 /* TableViewCellResultsCell.swift in Sources */ = {isa = PBXBuildFile; fileRef = 0FC713CC253DD243006F32F8 /* TableViewCellResultsCell.swift */; };
		0FC713DA253DD56A006F32F8 /* TableViewControllerCriminalCases.swift in Sources */ = {isa = PBXBuildFile; fileRef = 0FC713D9253DD56A006F32F8 /* TableViewControllerCriminalCases.swift */; };
		0FC713DF253DE2F1006F32F8 /* ViewControllerCriminalCaseShow.swift in Sources */ = {isa = PBXBuildFile; fileRef = 0FC713DE253DE2F1006F32F8 /* ViewControllerCriminalCaseShow.swift */; };
		0FD513A225396B9E0086B77B /* VIewClas.swift in Sources */ = {isa = PBXBuildFile; fileRef = 0FD513A125396B9E0086B77B /* VIewClas.swift */; };
		0FD513AB2539779A0086B77B /* PhotoInPhotoRobots.swift in Sources */ = {isa = PBXBuildFile; fileRef = 0FD513AA2539779A0086B77B /* PhotoInPhotoRobots.swift */; };
		0FD513B12539C83D0086B77B /* WantedPeoples.swift in Sources */ = {isa = PBXBuildFile; fileRef = 0FD513B02539C83D0086B77B /* WantedPeoples.swift */; };
		0FDA0F9D2535B72000EB846F /* ViewControllerAddNewWanted.swift in Sources */ = {isa = PBXBuildFile; fileRef = 0FDA0F9C2535B72000EB846F /* ViewControllerAddNewWanted.swift */; };
		0FDA0FA72535E4DC00EB846F /* CollectionViewCellPhotoRobots.swift in Sources */ = {isa = PBXBuildFile; fileRef = 0FDA0FA62535E4DC00EB846F /* CollectionViewCellPhotoRobots.swift */; };
		0FDA0FAF2535E95500EB846F /* CollectionViewControllerPhotoRobots.swift in Sources */ = {isa = PBXBuildFile; fileRef = 0FDA0FAE2535E95500EB846F /* CollectionViewControllerPhotoRobots.swift */; };
		0FF3414C2536ED3E00B4CB31 /* ViewControllerNewPhotoRobots.swift in Sources */ = {isa = PBXBuildFile; fileRef = 0FF3414B2536ED3E00B4CB31 /* ViewControllerNewPhotoRobots.swift */; };
		0FF341512536ED9F00B4CB31 /* CollectionViewCellNewPhotoRobots.swift in Sources */ = {isa = PBXBuildFile; fileRef = 0FF341502536ED9F00B4CB31 /* CollectionViewCellNewPhotoRobots.swift */; };
		0FF3415825370E0F00B4CB31 /* photoRobot.swift in Sources */ = {isa = PBXBuildFile; fileRef = 0FF3415725370E0F00B4CB31 /* photoRobot.swift */; };
		0FFE8DDA25383652007E89F3 /* ViewControllerPaint.swift in Sources */ = {isa = PBXBuildFile; fileRef = 0FFE8DD925383652007E89F3 /* ViewControllerPaint.swift */; };
		0FFE8DE025384BB7007E89F3 /* ConvasControlers.swift in Sources */ = {isa = PBXBuildFile; fileRef = 0FFE8DDF25384BB7007E89F3 /* ConvasControlers.swift */; };
		8E25049E2530317900D88DEE /* AppDelegate.swift in Sources */ = {isa = PBXBuildFile; fileRef = 8E25049D2530317900D88DEE /* AppDelegate.swift */; };
		8E2504A02530317900D88DEE /* SceneDelegate.swift in Sources */ = {isa = PBXBuildFile; fileRef = 8E25049F2530317900D88DEE /* SceneDelegate.swift */; };
		8E2504A22530317900D88DEE /* ViewController.swift in Sources */ = {isa = PBXBuildFile; fileRef = 8E2504A12530317900D88DEE /* ViewController.swift */; };
		8E2504A52530317900D88DEE /* Main.storyboard in Resources */ = {isa = PBXBuildFile; fileRef = 8E2504A32530317900D88DEE /* Main.storyboard */; };
		8E2504AA2530317C00D88DEE /* LaunchScreen.storyboard in Resources */ = {isa = PBXBuildFile; fileRef = 8E2504A82530317C00D88DEE /* LaunchScreen.storyboard */; };
		8E2504B52530317C00D88DEE /* VSKpolice2Tests.swift in Sources */ = {isa = PBXBuildFile; fileRef = 8E2504B42530317C00D88DEE /* VSKpolice2Tests.swift */; };
		8E2504C02530317C00D88DEE /* VSKpolice2UITests.swift in Sources */ = {isa = PBXBuildFile; fileRef = 8E2504BF2530317C00D88DEE /* VSKpolice2UITests.swift */; };
		8E2504D92530338300D88DEE /* CollectionViewController.swift in Sources */ = {isa = PBXBuildFile; fileRef = 8E2504D62530338300D88DEE /* CollectionViewController.swift */; };
		8E2504DB2530338300D88DEE /* CollectionViewCell.swift in Sources */ = {isa = PBXBuildFile; fileRef = 8E2504D82530338300D88DEE /* CollectionViewCell.swift */; };
		8EC71B0D253035690075AB65 /* CollectionViewCellTwo.swift in Sources */ = {isa = PBXBuildFile; fileRef = 8EC71B0C253035690075AB65 /* CollectionViewCellTwo.swift */; };
/* End PBXBuildFile section */

/* Begin PBXContainerItemProxy section */
		8E2504B12530317C00D88DEE /* PBXContainerItemProxy */ = {
			isa = PBXContainerItemProxy;
			containerPortal = 8E2504922530317900D88DEE /* Project object */;
			proxyType = 1;
			remoteGlobalIDString = 8E2504992530317900D88DEE;
			remoteInfo = VSKpolice2;
		};
		8E2504BC2530317C00D88DEE /* PBXContainerItemProxy */ = {
			isa = PBXContainerItemProxy;
			containerPortal = 8E2504922530317900D88DEE /* Project object */;
			proxyType = 1;
			remoteGlobalIDString = 8E2504992530317900D88DEE;
			remoteInfo = VSKpolice2;
		};
/* End PBXContainerItemProxy section */

/* Begin PBXFileReference section */
		0F21722D25346B5600EC5A29 /* Media.xcassets */ = {isa = PBXFileReference; lastKnownFileType = folder.assetcatalog; path = Media.xcassets; sourceTree = "<group>"; };
		0F2FDCEB2530A4A100D01A5A /* CollectionViewControllerTwo.swift */ = {isa = PBXFileReference; lastKnownFileType = sourcecode.swift; path = CollectionViewControllerTwo.swift; sourceTree = "<group>"; };
		0F4A1CB025343AC7005084E8 /* ViewControllerWanted.swift */ = {isa = PBXFileReference; lastKnownFileType = sourcecode.swift; path = ViewControllerWanted.swift; sourceTree = "<group>"; };
		0F59CAEE253434FA00351EF1 /* TableViewCell.swift */ = {isa = PBXFileReference; lastKnownFileType = sourcecode.swift; path = TableViewCell.swift; sourceTree = "<group>"; };
		0FC713CC253DD243006F32F8 /* TableViewCellResultsCell.swift */ = {isa = PBXFileReference; lastKnownFileType = sourcecode.swift; path = TableViewCellResultsCell.swift; sourceTree = "<group>"; };
		0FC713D9253DD56A006F32F8 /* TableViewControllerCriminalCases.swift */ = {isa = PBXFileReference; lastKnownFileType = sourcecode.swift; path = TableViewControllerCriminalCases.swift; sourceTree = "<group>"; };
		0FC713DE253DE2F1006F32F8 /* ViewControllerCriminalCaseShow.swift */ = {isa = PBXFileReference; lastKnownFileType = sourcecode.swift; path = ViewControllerCriminalCaseShow.swift; sourceTree = "<group>"; };
		0FD513A125396B9E0086B77B /* VIewClas.swift */ = {isa = PBXFileReference; lastKnownFileType = sourcecode.swift; path = VIewClas.swift; sourceTree = "<group>"; };
		0FD513AA2539779A0086B77B /* PhotoInPhotoRobots.swift */ = {isa = PBXFileReference; lastKnownFileType = sourcecode.swift; path = PhotoInPhotoRobots.swift; sourceTree = "<group>"; };
		0FD513B02539C83D0086B77B /* WantedPeoples.swift */ = {isa = PBXFileReference; lastKnownFileType = sourcecode.swift; path = WantedPeoples.swift; sourceTree = "<group>"; };
		0FDA0F9C2535B72000EB846F /* ViewControllerAddNewWanted.swift */ = {isa = PBXFileReference; lastKnownFileType = sourcecode.swift; path = ViewControllerAddNewWanted.swift; sourceTree = "<group>"; };
		0FDA0FA62535E4DC00EB846F /* CollectionViewCellPhotoRobots.swift */ = {isa = PBXFileReference; lastKnownFileType = sourcecode.swift; path = CollectionViewCellPhotoRobots.swift; sourceTree = "<group>"; };
		0FDA0FAE2535E95500EB846F /* CollectionViewControllerPhotoRobots.swift */ = {isa = PBXFileReference; lastKnownFileType = sourcecode.swift; path = CollectionViewControllerPhotoRobots.swift; sourceTree = "<group>"; };
		0FF3414B2536ED3E00B4CB31 /* ViewControllerNewPhotoRobots.swift */ = {isa = PBXFileReference; lastKnownFileType = sourcecode.swift; path = ViewControllerNewPhotoRobots.swift; sourceTree = "<group>"; };
		0FF341502536ED9F00B4CB31 /* CollectionViewCellNewPhotoRobots.swift */ = {isa = PBXFileReference; lastKnownFileType = sourcecode.swift; path = CollectionViewCellNewPhotoRobots.swift; sourceTree = "<group>"; };
		0FF3415725370E0F00B4CB31 /* photoRobot.swift */ = {isa = PBXFileReference; lastKnownFileType = sourcecode.swift; path = photoRobot.swift; sourceTree = "<group>"; };
		0FFE8DD925383652007E89F3 /* ViewControllerPaint.swift */ = {isa = PBXFileReference; lastKnownFileType = sourcecode.swift; path = ViewControllerPaint.swift; sourceTree = "<group>"; };
		0FFE8DDF25384BB7007E89F3 /* ConvasControlers.swift */ = {isa = PBXFileReference; lastKnownFileType = sourcecode.swift; path = ConvasControlers.swift; sourceTree = "<group>"; };
		8E25049A2530317900D88DEE /* VSKpolice2.app */ = {isa = PBXFileReference; explicitFileType = wrapper.application; includeInIndex = 0; path = VSKpolice2.app; sourceTree = BUILT_PRODUCTS_DIR; };
		8E25049D2530317900D88DEE /* AppDelegate.swift */ = {isa = PBXFileReference; lastKnownFileType = sourcecode.swift; path = AppDelegate.swift; sourceTree = "<group>"; };
		8E25049F2530317900D88DEE /* SceneDelegate.swift */ = {isa = PBXFileReference; lastKnownFileType = sourcecode.swift; path = SceneDelegate.swift; sourceTree = "<group>"; };
		8E2504A12530317900D88DEE /* ViewController.swift */ = {isa = PBXFileReference; lastKnownFileType = sourcecode.swift; path = ViewController.swift; sourceTree = "<group>"; };
		8E2504A42530317900D88DEE /* Base */ = {isa = PBXFileReference; lastKnownFileType = file.storyboard; name = Base; path = Base.lproj/Main.storyboard; sourceTree = "<group>"; };
		8E2504A92530317C00D88DEE /* Base */ = {isa = PBXFileReference; lastKnownFileType = file.storyboard; name = Base; path = Base.lproj/LaunchScreen.storyboard; sourceTree = "<group>"; };
		8E2504AB2530317C00D88DEE /* Info.plist */ = {isa = PBXFileReference; lastKnownFileType = text.plist.xml; path = Info.plist; sourceTree = "<group>"; };
		8E2504B02530317C00D88DEE /* VSKpolice2Tests.xctest */ = {isa = PBXFileReference; explicitFileType = wrapper.cfbundle; includeInIndex = 0; path = VSKpolice2Tests.xctest; sourceTree = BUILT_PRODUCTS_DIR; };
		8E2504B42530317C00D88DEE /* VSKpolice2Tests.swift */ = {isa = PBXFileReference; lastKnownFileType = sourcecode.swift; path = VSKpolice2Tests.swift; sourceTree = "<group>"; };
		8E2504B62530317C00D88DEE /* Info.plist */ = {isa = PBXFileReference; lastKnownFileType = text.plist.xml; path = Info.plist; sourceTree = "<group>"; };
		8E2504BB2530317C00D88DEE /* VSKpolice2UITests.xctest */ = {isa = PBXFileReference; explicitFileType = wrapper.cfbundle; includeInIndex = 0; path = VSKpolice2UITests.xctest; sourceTree = BUILT_PRODUCTS_DIR; };
		8E2504BF2530317C00D88DEE /* VSKpolice2UITests.swift */ = {isa = PBXFileReference; lastKnownFileType = sourcecode.swift; path = VSKpolice2UITests.swift; sourceTree = "<group>"; };
		8E2504C12530317C00D88DEE /* Info.plist */ = {isa = PBXFileReference; lastKnownFileType = text.plist.xml; path = Info.plist; sourceTree = "<group>"; };
		8E2504D62530338300D88DEE /* CollectionViewController.swift */ = {isa = PBXFileReference; fileEncoding = 4; lastKnownFileType = sourcecode.swift; path = CollectionViewController.swift; sourceTree = "<group>"; };
		8E2504D82530338300D88DEE /* CollectionViewCell.swift */ = {isa = PBXFileReference; fileEncoding = 4; lastKnownFileType = sourcecode.swift; path = CollectionViewCell.swift; sourceTree = "<group>"; };
		8EC71B0C253035690075AB65 /* CollectionViewCellTwo.swift */ = {isa = PBXFileReference; lastKnownFileType = sourcecode.swift; path = CollectionViewCellTwo.swift; sourceTree = "<group>"; };
/* End PBXFileReference section */

/* Begin PBXFrameworksBuildPhase section */
		8E2504972530317900D88DEE /* Frameworks */ = {
			isa = PBXFrameworksBuildPhase;
			buildActionMask = 2147483647;
			files = (
			);
			runOnlyForDeploymentPostprocessing = 0;
		};
		8E2504AD2530317C00D88DEE /* Frameworks */ = {
			isa = PBXFrameworksBuildPhase;
			buildActionMask = 2147483647;
			files = (
			);
			runOnlyForDeploymentPostprocessing = 0;
		};
		8E2504B82530317C00D88DEE /* Frameworks */ = {
			isa = PBXFrameworksBuildPhase;
			buildActionMask = 2147483647;
			files = (
			);
			runOnlyForDeploymentPostprocessing = 0;
		};
/* End PBXFrameworksBuildPhase section */

/* Begin PBXGroup section */
		0F4A1CAF25343A89005084E8 /* View Controlels */ = {
			isa = PBXGroup;
			children = (
				8E2504A12530317900D88DEE /* ViewController.swift */,
				0F4A1CB025343AC7005084E8 /* ViewControllerWanted.swift */,
				0FDA0F9C2535B72000EB846F /* ViewControllerAddNewWanted.swift */,
				0FF3414B2536ED3E00B4CB31 /* ViewControllerNewPhotoRobots.swift */,
				0FFE8DD925383652007E89F3 /* ViewControllerPaint.swift */,
				0FC713DE253DE2F1006F32F8 /* ViewControllerCriminalCaseShow.swift */,
			);
			path = "View Controlels";
			sourceTree = "<group>";
		};
		0F5667B725306E9F003664B7 /* controllers */ = {
			isa = PBXGroup;
			children = (
				0FF3415525370D9100B4CB31 /* model */,
				0F5667B825306EC0003664B7 /* main */,
			);
			path = controllers;
			sourceTree = "<group>";
		};
		0F5667B825306EC0003664B7 /* main */ = {
			isa = PBXGroup;
			children = (
				0F5667BA253075CC003664B7 /* components */,
			);
			path = main;
			sourceTree = "<group>";
		};
		0F5667BA253075CC003664B7 /* components */ = {
			isa = PBXGroup;
			children = (
				0FC713D5253DD3B6006F32F8 /* TableViewControllers */,
				0FFE8DE52538822F007E89F3 /* View clases */,
				0FFE8DDE25384B8E007E89F3 /* CanvasControllers */,
				0F4A1CAF25343A89005084E8 /* View Controlels */,
				8E2504D2253032C500D88DEE /* CollectionView */,
				0F5667BB25307603003664B7 /* cells */,
			);
			path = components;
			sourceTree = "<group>";
		};
		0F5667BB25307603003664B7 /* cells */ = {
			isa = PBXGroup;
			children = (
				8E2504D82530338300D88DEE /* CollectionViewCell.swift */,
				8EC71B0C253035690075AB65 /* CollectionViewCellTwo.swift */,
				0F59CAEE253434FA00351EF1 /* TableViewCell.swift */,
				0FDA0FA62535E4DC00EB846F /* CollectionViewCellPhotoRobots.swift */,
				0FF341502536ED9F00B4CB31 /* CollectionViewCellNewPhotoRobots.swift */,
				0FC713CC253DD243006F32F8 /* TableViewCellResultsCell.swift */,
			);
			path = cells;
			sourceTree = "<group>";
		};
		0FC713D5253DD3B6006F32F8 /* TableViewControllers */ = {
			isa = PBXGroup;
			children = (
				0FC713D9253DD56A006F32F8 /* TableViewControllerCriminalCases.swift */,
			);
			path = TableViewControllers;
			sourceTree = "<group>";
		};
		0FD513A92539775E0086B77B /* Phots PhotoRObots */ = {
			isa = PBXGroup;
			children = (
				0FD513AA2539779A0086B77B /* PhotoInPhotoRobots.swift */,
			);
			path = "Phots PhotoRObots";
			sourceTree = "<group>";
		};
		0FD513AF2539C80A0086B77B /* WantedPeople */ = {
			isa = PBXGroup;
			children = (
				0FD513B02539C83D0086B77B /* WantedPeoples.swift */,
			);
			path = WantedPeople;
			sourceTree = "<group>";
		};
		0FF3415525370D9100B4CB31 /* model */ = {
			isa = PBXGroup;
			children = (
				0FD513AF2539C80A0086B77B /* WantedPeople */,
				0FD513A92539775E0086B77B /* Phots PhotoRObots */,
				0FF3415625370DBF00B4CB31 /* PhotoRobotsFile */,
			);
			path = model;
			sourceTree = "<group>";
		};
		0FF3415625370DBF00B4CB31 /* PhotoRobotsFile */ = {
			isa = PBXGroup;
			children = (
				0FF3415725370E0F00B4CB31 /* photoRobot.swift */,
			);
			path = PhotoRobotsFile;
			sourceTree = "<group>";
		};
		0FFE8DDE25384B8E007E89F3 /* CanvasControllers */ = {
			isa = PBXGroup;
			children = (
				0FFE8DDF25384BB7007E89F3 /* ConvasControlers.swift */,
			);
			path = CanvasControllers;
			sourceTree = "<group>";
		};
		0FFE8DE52538822F007E89F3 /* View clases */ = {
			isa = PBXGroup;
			children = (
				0FD513A125396B9E0086B77B /* VIewClas.swift */,
			);
			path = "View clases";
			sourceTree = "<group>";
		};
		8E2504912530317900D88DEE = {
			isa = PBXGroup;
			children = (
				0F5667B725306E9F003664B7 /* controllers */,
				8E25049C2530317900D88DEE /* VSKpolice2 */,
				8E2504B32530317C00D88DEE /* VSKpolice2Tests */,
				8E2504BE2530317C00D88DEE /* VSKpolice2UITests */,
				8E25049B2530317900D88DEE /* Products */,
			);
			sourceTree = "<group>";
		};
		8E25049B2530317900D88DEE /* Products */ = {
			isa = PBXGroup;
			children = (
				8E25049A2530317900D88DEE /* VSKpolice2.app */,
				8E2504B02530317C00D88DEE /* VSKpolice2Tests.xctest */,
				8E2504BB2530317C00D88DEE /* VSKpolice2UITests.xctest */,
			);
			name = Products;
			sourceTree = "<group>";
		};
		8E25049C2530317900D88DEE /* VSKpolice2 */ = {
			isa = PBXGroup;
			children = (
				8E25049D2530317900D88DEE /* AppDelegate.swift */,
				8E25049F2530317900D88DEE /* SceneDelegate.swift */,
				8E2504A32530317900D88DEE /* Main.storyboard */,
				8E2504A82530317C00D88DEE /* LaunchScreen.storyboard */,
				0F21722D25346B5600EC5A29 /* Media.xcassets */,
				8E2504AB2530317C00D88DEE /* Info.plist */,
			);
			path = VSKpolice2;
			sourceTree = "<group>";
		};
		8E2504B32530317C00D88DEE /* VSKpolice2Tests */ = {
			isa = PBXGroup;
			children = (
				8E2504B42530317C00D88DEE /* VSKpolice2Tests.swift */,
				8E2504B62530317C00D88DEE /* Info.plist */,
			);
			path = VSKpolice2Tests;
			sourceTree = "<group>";
		};
		8E2504BE2530317C00D88DEE /* VSKpolice2UITests */ = {
			isa = PBXGroup;
			children = (
				8E2504BF2530317C00D88DEE /* VSKpolice2UITests.swift */,
				8E2504C12530317C00D88DEE /* Info.plist */,
			);
			path = VSKpolice2UITests;
			sourceTree = "<group>";
		};
		8E2504D2253032C500D88DEE /* CollectionView */ = {
			isa = PBXGroup;
			children = (
				8E2504D62530338300D88DEE /* CollectionViewController.swift */,
				0F2FDCEB2530A4A100D01A5A /* CollectionViewControllerTwo.swift */,
				0FDA0FAE2535E95500EB846F /* CollectionViewControllerPhotoRobots.swift */,
			);
			path = CollectionView;
			sourceTree = "<group>";
		};
/* End PBXGroup section */

/* Begin PBXNativeTarget section */
		8E2504992530317900D88DEE /* VSKpolice2 */ = {
			isa = PBXNativeTarget;
			buildConfigurationList = 8E2504C42530317C00D88DEE /* Build configuration list for PBXNativeTarget "VSKpolice2" */;
			buildPhases = (
				8E2504962530317900D88DEE /* Sources */,
				8E2504972530317900D88DEE /* Frameworks */,
				8E2504982530317900D88DEE /* Resources */,
			);
			buildRules = (
			);
			dependencies = (
			);
			name = VSKpolice2;
			productName = VSKpolice2;
			productReference = 8E25049A2530317900D88DEE /* VSKpolice2.app */;
			productType = "com.apple.product-type.application";
		};
		8E2504AF2530317C00D88DEE /* VSKpolice2Tests */ = {
			isa = PBXNativeTarget;
			buildConfigurationList = 8E2504C72530317C00D88DEE /* Build configuration list for PBXNativeTarget "VSKpolice2Tests" */;
			buildPhases = (
				8E2504AC2530317C00D88DEE /* Sources */,
				8E2504AD2530317C00D88DEE /* Frameworks */,
				8E2504AE2530317C00D88DEE /* Resources */,
			);
			buildRules = (
			);
			dependencies = (
				8E2504B22530317C00D88DEE /* PBXTargetDependency */,
			);
			name = VSKpolice2Tests;
			productName = VSKpolice2Tests;
			productReference = 8E2504B02530317C00D88DEE /* VSKpolice2Tests.xctest */;
			productType = "com.apple.product-type.bundle.unit-test";
		};
		8E2504BA2530317C00D88DEE /* VSKpolice2UITests */ = {
			isa = PBXNativeTarget;
			buildConfigurationList = 8E2504CA2530317C00D88DEE /* Build configuration list for PBXNativeTarget "VSKpolice2UITests" */;
			buildPhases = (
				8E2504B72530317C00D88DEE /* Sources */,
				8E2504B82530317C00D88DEE /* Frameworks */,
				8E2504B92530317C00D88DEE /* Resources */,
			);
			buildRules = (
			);
			dependencies = (
				8E2504BD2530317C00D88DEE /* PBXTargetDependency */,
			);
			name = VSKpolice2UITests;
			productName = VSKpolice2UITests;
			productReference = 8E2504BB2530317C00D88DEE /* VSKpolice2UITests.xctest */;
			productType = "com.apple.product-type.bundle.ui-testing";
		};
/* End PBXNativeTarget section */

/* Begin PBXProject section */
		8E2504922530317900D88DEE /* Project object */ = {
			isa = PBXProject;
			attributes = {
				LastSwiftUpdateCheck = 1200;
				LastUpgradeCheck = 1200;
				TargetAttributes = {
					8E2504992530317900D88DEE = {
						CreatedOnToolsVersion = 12.0.1;
					};
					8E2504AF2530317C00D88DEE = {
						CreatedOnToolsVersion = 12.0.1;
						TestTargetID = 8E2504992530317900D88DEE;
					};
					8E2504BA2530317C00D88DEE = {
						CreatedOnToolsVersion = 12.0.1;
						TestTargetID = 8E2504992530317900D88DEE;
					};
				};
			};
			buildConfigurationList = 8E2504952530317900D88DEE /* Build configuration list for PBXProject "VSKpolice2" */;
			compatibilityVersion = "Xcode 9.3";
			developmentRegion = en;
			hasScannedForEncodings = 0;
			knownRegions = (
				en,
				Base,
			);
			mainGroup = 8E2504912530317900D88DEE;
			productRefGroup = 8E25049B2530317900D88DEE /* Products */;
			projectDirPath = "";
			projectRoot = "";
			targets = (
				8E2504992530317900D88DEE /* VSKpolice2 */,
				8E2504AF2530317C00D88DEE /* VSKpolice2Tests */,
				8E2504BA2530317C00D88DEE /* VSKpolice2UITests */,
			);
		};
/* End PBXProject section */

/* Begin PBXResourcesBuildPhase section */
		8E2504982530317900D88DEE /* Resources */ = {
			isa = PBXResourcesBuildPhase;
			buildActionMask = 2147483647;
			files = (
				8E2504AA2530317C00D88DEE /* LaunchScreen.storyboard in Resources */,
				0F21722E25346B5600EC5A29 /* Media.xcassets in Resources */,
				8E2504A52530317900D88DEE /* Main.storyboard in Resources */,
			);
			runOnlyForDeploymentPostprocessing = 0;
		};
		8E2504AE2530317C00D88DEE /* Resources */ = {
			isa = PBXResourcesBuildPhase;
			buildActionMask = 2147483647;
			files = (
			);
			runOnlyForDeploymentPostprocessing = 0;
		};
		8E2504B92530317C00D88DEE /* Resources */ = {
			isa = PBXResourcesBuildPhase;
			buildActionMask = 2147483647;
			files = (
			);
			runOnlyForDeploymentPostprocessing = 0;
		};
/* End PBXResourcesBuildPhase section */

/* Begin PBXSourcesBuildPhase section */
		8E2504962530317900D88DEE /* Sources */ = {
			isa = PBXSourcesBuildPhase;
			buildActionMask = 2147483647;
			files = (
				8E2504D92530338300D88DEE /* CollectionViewController.swift in Sources */,
				8E2504A22530317900D88DEE /* ViewController.swift in Sources */,
				0FDA0FAF2535E95500EB846F /* CollectionViewControllerPhotoRobots.swift in Sources */,
				0F2FDCEC2530A4A100D01A5A /* CollectionViewControllerTwo.swift in Sources */,
				0FF3414C2536ED3E00B4CB31 /* ViewControllerNewPhotoRobots.swift in Sources */,
				0F59CAEF253434FA00351EF1 /* TableViewCell.swift in Sources */,
				0FC713CD253DD243006F32F8 /* TableViewCellResultsCell.swift in Sources */,
				8E2504DB2530338300D88DEE /* CollectionViewCell.swift in Sources */,
				0FD513AB2539779A0086B77B /* PhotoInPhotoRobots.swift in Sources */,
				0FF341512536ED9F00B4CB31 /* CollectionViewCellNewPhotoRobots.swift in Sources */,
				0FD513B12539C83D0086B77B /* WantedPeoples.swift in Sources */,
				0FFE8DE025384BB7007E89F3 /* ConvasControlers.swift in Sources */,
				0FC713DF253DE2F1006F32F8 /* ViewControllerCriminalCaseShow.swift in Sources */,
				8EC71B0D253035690075AB65 /* CollectionViewCellTwo.swift in Sources */,
				0FD513A225396B9E0086B77B /* VIewClas.swift in Sources */,
				0FF3415825370E0F00B4CB31 /* photoRobot.swift in Sources */,
				0FDA0F9D2535B72000EB846F /* ViewControllerAddNewWanted.swift in Sources */,
				0FDA0FA72535E4DC00EB846F /* CollectionViewCellPhotoRobots.swift in Sources */,
				8E25049E2530317900D88DEE /* AppDelegate.swift in Sources */,
				8E2504A02530317900D88DEE /* SceneDelegate.swift in Sources */,
				0F4A1CB125343AC7005084E8 /* ViewControllerWanted.swift in Sources */,
				0FC713DA253DD56A006F32F8 /* TableViewControllerCriminalCases.swift in Sources */,
				0FFE8DDA25383652007E89F3 /* ViewControllerPaint.swift in Sources */,
			);
			runOnlyForDeploymentPostprocessing = 0;
		};
		8E2504AC2530317C00D88DEE /* Sources */ = {
			isa = PBXSourcesBuildPhase;
			buildActionMask = 2147483647;
			files = (
				8E2504B52530317C00D88DEE /* VSKpolice2Tests.swift in Sources */,
			);
			runOnlyForDeploymentPostprocessing = 0;
		};
		8E2504B72530317C00D88DEE /* Sources */ = {
			isa = PBXSourcesBuildPhase;
			buildActionMask = 2147483647;
			files = (
				8E2504C02530317C00D88DEE /* VSKpolice2UITests.swift in Sources */,
			);
			runOnlyForDeploymentPostprocessing = 0;
		};
/* End PBXSourcesBuildPhase section */

/* Begin PBXTargetDependency section */
		8E2504B22530317C00D88DEE /* PBXTargetDependency */ = {
			isa = PBXTargetDependency;
			target = 8E2504992530317900D88DEE /* VSKpolice2 */;
			targetProxy = 8E2504B12530317C00D88DEE /* PBXContainerItemProxy */;
		};
		8E2504BD2530317C00D88DEE /* PBXTargetDependency */ = {
			isa = PBXTargetDependency;
			target = 8E2504992530317900D88DEE /* VSKpolice2 */;
			targetProxy = 8E2504BC2530317C00D88DEE /* PBXContainerItemProxy */;
		};
/* End PBXTargetDependency section */

/* Begin PBXVariantGroup section */
		8E2504A32530317900D88DEE /* Main.storyboard */ = {
			isa = PBXVariantGroup;
			children = (
				8E2504A42530317900D88DEE /* Base */,
			);
			name = Main.storyboard;
			sourceTree = "<group>";
		};
		8E2504A82530317C00D88DEE /* LaunchScreen.storyboard */ = {
			isa = PBXVariantGroup;
			children = (
				8E2504A92530317C00D88DEE /* Base */,
			);
			name = LaunchScreen.storyboard;
			sourceTree = "<group>";
		};
/* End PBXVariantGroup section */

/* Begin XCBuildConfiguration section */
		8E2504C22530317C00D88DEE /* Debug */ = {
			isa = XCBuildConfiguration;
			buildSettings = {
				ALWAYS_SEARCH_USER_PATHS = NO;
				CLANG_ANALYZER_NONNULL = YES;
				CLANG_ANALYZER_NUMBER_OBJECT_CONVERSION = YES_AGGRESSIVE;
				CLANG_CXX_LANGUAGE_STANDARD = "gnu++14";
				CLANG_CXX_LIBRARY = "libc++";
				CLANG_ENABLE_MODULES = YES;
				CLANG_ENABLE_OBJC_ARC = YES;
				CLANG_ENABLE_OBJC_WEAK = YES;
				CLANG_WARN_BLOCK_CAPTURE_AUTORELEASING = YES;
				CLANG_WARN_BOOL_CONVERSION = YES;
				CLANG_WARN_COMMA = YES;
				CLANG_WARN_CONSTANT_CONVERSION = YES;
				CLANG_WARN_DEPRECATED_OBJC_IMPLEMENTATIONS = YES;
				CLANG_WARN_DIRECT_OBJC_ISA_USAGE = YES_ERROR;
				CLANG_WARN_DOCUMENTATION_COMMENTS = YES;
				CLANG_WARN_EMPTY_BODY = YES;
				CLANG_WARN_ENUM_CONVERSION = YES;
				CLANG_WARN_INFINITE_RECURSION = YES;
				CLANG_WARN_INT_CONVERSION = YES;
				CLANG_WARN_NON_LITERAL_NULL_CONVERSION = YES;
				CLANG_WARN_OBJC_IMPLICIT_RETAIN_SELF = YES;
				CLANG_WARN_OBJC_LITERAL_CONVERSION = YES;
				CLANG_WARN_OBJC_ROOT_CLASS = YES_ERROR;
				CLANG_WARN_QUOTED_INCLUDE_IN_FRAMEWORK_HEADER = YES;
				CLANG_WARN_RANGE_LOOP_ANALYSIS = YES;
				CLANG_WARN_STRICT_PROTOTYPES = YES;
				CLANG_WARN_SUSPICIOUS_MOVE = YES;
				CLANG_WARN_UNGUARDED_AVAILABILITY = YES_AGGRESSIVE;
				CLANG_WARN_UNREACHABLE_CODE = YES;
				CLANG_WARN__DUPLICATE_METHOD_MATCH = YES;
				COPY_PHASE_STRIP = NO;
				DEBUG_INFORMATION_FORMAT = dwarf;
				ENABLE_STRICT_OBJC_MSGSEND = YES;
				ENABLE_TESTABILITY = YES;
				GCC_C_LANGUAGE_STANDARD = gnu11;
				GCC_DYNAMIC_NO_PIC = NO;
				GCC_NO_COMMON_BLOCKS = YES;
				GCC_OPTIMIZATION_LEVEL = 0;
				GCC_PREPROCESSOR_DEFINITIONS = (
					"DEBUG=1",
					"$(inherited)",
				);
				GCC_WARN_64_TO_32_BIT_CONVERSION = YES;
				GCC_WARN_ABOUT_RETURN_TYPE = YES_ERROR;
				GCC_WARN_UNDECLARED_SELECTOR = YES;
				GCC_WARN_UNINITIALIZED_AUTOS = YES_AGGRESSIVE;
				GCC_WARN_UNUSED_FUNCTION = YES;
				GCC_WARN_UNUSED_VARIABLE = YES;
				IPHONEOS_DEPLOYMENT_TARGET = 14.0;
				MTL_ENABLE_DEBUG_INFO = INCLUDE_SOURCE;
				MTL_FAST_MATH = YES;
				ONLY_ACTIVE_ARCH = YES;
				SDKROOT = iphoneos;
				SWIFT_ACTIVE_COMPILATION_CONDITIONS = DEBUG;
				SWIFT_OPTIMIZATION_LEVEL = "-Onone";
			};
			name = Debug;
		};
		8E2504C32530317C00D88DEE /* Release */ = {
			isa = XCBuildConfiguration;
			buildSettings = {
				ALWAYS_SEARCH_USER_PATHS = NO;
				CLANG_ANALYZER_NONNULL = YES;
				CLANG_ANALYZER_NUMBER_OBJECT_CONVERSION = YES_AGGRESSIVE;
				CLANG_CXX_LANGUAGE_STANDARD = "gnu++14";
				CLANG_CXX_LIBRARY = "libc++";
				CLANG_ENABLE_MODULES = YES;
				CLANG_ENABLE_OBJC_ARC = YES;
				CLANG_ENABLE_OBJC_WEAK = YES;
				CLANG_WARN_BLOCK_CAPTURE_AUTORELEASING = YES;
				CLANG_WARN_BOOL_CONVERSION = YES;
				CLANG_WARN_COMMA = YES;
				CLANG_WARN_CONSTANT_CONVERSION = YES;
				CLANG_WARN_DEPRECATED_OBJC_IMPLEMENTATIONS = YES;
				CLANG_WARN_DIRECT_OBJC_ISA_USAGE = YES_ERROR;
				CLANG_WARN_DOCUMENTATION_COMMENTS = YES;
				CLANG_WARN_EMPTY_BODY = YES;
				CLANG_WARN_ENUM_CONVERSION = YES;
				CLANG_WARN_INFINITE_RECURSION = YES;
				CLANG_WARN_INT_CONVERSION = YES;
				CLANG_WARN_NON_LITERAL_NULL_CONVERSION = YES;
				CLANG_WARN_OBJC_IMPLICIT_RETAIN_SELF = YES;
				CLANG_WARN_OBJC_LITERAL_CONVERSION = YES;
				CLANG_WARN_OBJC_ROOT_CLASS = YES_ERROR;
				CLANG_WARN_QUOTED_INCLUDE_IN_FRAMEWORK_HEADER = YES;
				CLANG_WARN_RANGE_LOOP_ANALYSIS = YES;
				CLANG_WARN_STRICT_PROTOTYPES = YES;
				CLANG_WARN_SUSPICIOUS_MOVE = YES;
				CLANG_WARN_UNGUARDED_AVAILABILITY = YES_AGGRESSIVE;
				CLANG_WARN_UNREACHABLE_CODE = YES;
				CLANG_WARN__DUPLICATE_METHOD_MATCH = YES;
				COPY_PHASE_STRIP = NO;
				DEBUG_INFORMATION_FORMAT = "dwarf-with-dsym";
				ENABLE_NS_ASSERTIONS = NO;
				ENABLE_STRICT_OBJC_MSGSEND = YES;
				GCC_C_LANGUAGE_STANDARD = gnu11;
				GCC_NO_COMMON_BLOCKS = YES;
				GCC_WARN_64_TO_32_BIT_CONVERSION = YES;
				GCC_WARN_ABOUT_RETURN_TYPE = YES_ERROR;
				GCC_WARN_UNDECLARED_SELECTOR = YES;
				GCC_WARN_UNINITIALIZED_AUTOS = YES_AGGRESSIVE;
				GCC_WARN_UNUSED_FUNCTION = YES;
				GCC_WARN_UNUSED_VARIABLE = YES;
				IPHONEOS_DEPLOYMENT_TARGET = 14.0;
				MTL_ENABLE_DEBUG_INFO = NO;
				MTL_FAST_MATH = YES;
				SDKROOT = iphoneos;
				SWIFT_COMPILATION_MODE = wholemodule;
				SWIFT_OPTIMIZATION_LEVEL = "-O";
				VALIDATE_PRODUCT = YES;
			};
			name = Release;
		};
		8E2504C52530317C00D88DEE /* Debug */ = {
			isa = XCBuildConfiguration;
			buildSettings = {
				ASSETCATALOG_COMPILER_APPICON_NAME = AppIcon;
				ASSETCATALOG_COMPILER_GLOBAL_ACCENT_COLOR_NAME = AccentColor;
				CODE_SIGN_STYLE = Automatic;
				DEVELOPMENT_TEAM = 4Q7KY4ZR42;
				INFOPLIST_FILE = VSKpolice2/Info.plist;
				LD_RUNPATH_SEARCH_PATHS = (
					"$(inherited)",
					"@executable_path/Frameworks",
				);
				PRODUCT_BUNDLE_IDENTIFIER = test.app.VSKpolice2;
				PRODUCT_NAME = "$(TARGET_NAME)";
				SWIFT_VERSION = 5.0;
				TARGETED_DEVICE_FAMILY = "1,2";
			};
			name = Debug;
		};
		8E2504C62530317C00D88DEE /* Release */ = {
			isa = XCBuildConfiguration;
			buildSettings = {
				ASSETCATALOG_COMPILER_APPICON_NAME = AppIcon;
				ASSETCATALOG_COMPILER_GLOBAL_ACCENT_COLOR_NAME = AccentColor;
				CODE_SIGN_STYLE = Automatic;
				DEVELOPMENT_TEAM = 4Q7KY4ZR42;
				INFOPLIST_FILE = VSKpolice2/Info.plist;
				LD_RUNPATH_SEARCH_PATHS = (
					"$(inherited)",
					"@executable_path/Frameworks",
				);
				PRODUCT_BUNDLE_IDENTIFIER = test.app.VSKpolice2;
				PRODUCT_NAME = "$(TARGET_NAME)";
				SWIFT_VERSION = 5.0;
				TARGETED_DEVICE_FAMILY = "1,2";
			};
			name = Release;
		};
		8E2504C82530317C00D88DEE /* Debug */ = {
			isa = XCBuildConfiguration;
			buildSettings = {
				ALWAYS_EMBED_SWIFT_STANDARD_LIBRARIES = YES;
				BUNDLE_LOADER = "$(TEST_HOST)";
				CODE_SIGN_STYLE = Automatic;
				DEVELOPMENT_TEAM = 4Q7KY4ZR42;
				INFOPLIST_FILE = VSKpolice2Tests/Info.plist;
				IPHONEOS_DEPLOYMENT_TARGET = 14.0;
				LD_RUNPATH_SEARCH_PATHS = (
					"$(inherited)",
					"@executable_path/Frameworks",
					"@loader_path/Frameworks",
				);
				PRODUCT_BUNDLE_IDENTIFIER = test.app.VSKpolice2Tests;
				PRODUCT_NAME = "$(TARGET_NAME)";
				SWIFT_VERSION = 5.0;
				TARGETED_DEVICE_FAMILY = "1,2";
				TEST_HOST = "$(BUILT_PRODUCTS_DIR)/VSKpolice2.app/VSKpolice2";
			};
			name = Debug;
		};
		8E2504C92530317C00D88DEE /* Release */ = {
			isa = XCBuildConfiguration;
			buildSettings = {
				ALWAYS_EMBED_SWIFT_STANDARD_LIBRARIES = YES;
				BUNDLE_LOADER = "$(TEST_HOST)";
				CODE_SIGN_STYLE = Automatic;
				DEVELOPMENT_TEAM = 4Q7KY4ZR42;
				INFOPLIST_FILE = VSKpolice2Tests/Info.plist;
				IPHONEOS_DEPLOYMENT_TARGET = 14.0;
				LD_RUNPATH_SEARCH_PATHS = (
					"$(inherited)",
					"@executable_path/Frameworks",
					"@loader_path/Frameworks",
				);
				PRODUCT_BUNDLE_IDENTIFIER = test.app.VSKpolice2Tests;
				PRODUCT_NAME = "$(TARGET_NAME)";
				SWIFT_VERSION = 5.0;
				TARGETED_DEVICE_FAMILY = "1,2";
				TEST_HOST = "$(BUILT_PRODUCTS_DIR)/VSKpolice2.app/VSKpolice2";
			};
			name = Release;
		};
		8E2504CB2530317C00D88DEE /* Debug */ = {
			isa = XCBuildConfiguration;
			buildSettings = {
				ALWAYS_EMBED_SWIFT_STANDARD_LIBRARIES = YES;
				CODE_SIGN_STYLE = Automatic;
				DEVELOPMENT_TEAM = 4Q7KY4ZR42;
				INFOPLIST_FILE = VSKpolice2UITests/Info.plist;
				LD_RUNPATH_SEARCH_PATHS = (
					"$(inherited)",
					"@executable_path/Frameworks",
					"@loader_path/Frameworks",
				);
				PRODUCT_BUNDLE_IDENTIFIER = test.app.VSKpolice2UITests;
				PRODUCT_NAME = "$(TARGET_NAME)";
				SWIFT_VERSION = 5.0;
				TARGETED_DEVICE_FAMILY = "1,2";
				TEST_TARGET_NAME = VSKpolice2;
			};
			name = Debug;
		};
		8E2504CC2530317C00D88DEE /* Release */ = {
			isa = XCBuildConfiguration;
			buildSettings = {
				ALWAYS_EMBED_SWIFT_STANDARD_LIBRARIES = YES;
				CODE_SIGN_STYLE = Automatic;
				DEVELOPMENT_TEAM = 4Q7KY4ZR42;
				INFOPLIST_FILE = VSKpolice2UITests/Info.plist;
				LD_RUNPATH_SEARCH_PATHS = (
					"$(inherited)",
					"@executable_path/Frameworks",
					"@loader_path/Frameworks",
				);
				PRODUCT_BUNDLE_IDENTIFIER = test.app.VSKpolice2UITests;
				PRODUCT_NAME = "$(TARGET_NAME)";
				SWIFT_VERSION = 5.0;
				TARGETED_DEVICE_FAMILY = "1,2";
				TEST_TARGET_NAME = VSKpolice2;
			};
			name = Release;
		};
/* End XCBuildConfiguration section */

/* Begin XCConfigurationList section */
		8E2504952530317900D88DEE /* Build configuration list for PBXProject "VSKpolice2" */ = {
			isa = XCConfigurationList;
			buildConfigurations = (
				8E2504C22530317C00D88DEE /* Debug */,
				8E2504C32530317C00D88DEE /* Release */,
			);
			defaultConfigurationIsVisible = 0;
			defaultConfigurationName = Release;
		};
		8E2504C42530317C00D88DEE /* Build configuration list for PBXNativeTarget "VSKpolice2" */ = {
			isa = XCConfigurationList;
			buildConfigurations = (
				8E2504C52530317C00D88DEE /* Debug */,
				8E2504C62530317C00D88DEE /* Release */,
			);
			defaultConfigurationIsVisible = 0;
			defaultConfigurationName = Release;
		};
		8E2504C72530317C00D88DEE /* Build configuration list for PBXNativeTarget "VSKpolice2Tests" */ = {
			isa = XCConfigurationList;
			buildConfigurations = (
				8E2504C82530317C00D88DEE /* Debug */,
				8E2504C92530317C00D88DEE /* Release */,
			);
			defaultConfigurationIsVisible = 0;
			defaultConfigurationName = Release;
		};
		8E2504CA2530317C00D88DEE /* Build configuration list for PBXNativeTarget "VSKpolice2UITests" */ = {
			isa = XCConfigurationList;
			buildConfigurations = (
				8E2504CB2530317C00D88DEE /* Debug */,
				8E2504CC2530317C00D88DEE /* Release */,
			);
			defaultConfigurationIsVisible = 0;
			defaultConfigurationName = Release;
		};
/* End XCConfigurationList section */
	};
	rootObject = 8E2504922530317900D88DEE /* Project object */;
}
